
Microsoft Visual Studio Solution File, Format Version 12.00
# Visual Studio Version 17
VisualStudioVersion = 17.9.34723.18
MinimumVisualStudioVersion = 10.0.40219.1
Project("{2150E333-8FDC-42A3-9474-1A3956D46DE8}") = "Ejercicio_01", "Ejercicio_01", "{165F7520-7723-49C7-9816-BE4B9C645FF6}"
EndProject
Project("{FAE04EC0-301F-11D3-BF4B-00C04F79EFBC}") = "Entidades_01", "Entidades\Entidades_01.csproj", "{602FDBF8-C298-43E4-886D-C61DFCAEF51D}"
EndProject
Project("{FAE04EC0-301F-11D3-BF4B-00C04F79EFBC}") = "SobreSobrescribiendo", "SobreSobrescribiendo\SobreSobrescribiendo.csproj", "{3C48FB41-72D8-4A9D-9403-9C2D3E0BFEEB}"
EndProject
Global
	GlobalSection(SolutionConfigurationPlatforms) = preSolution
		Debug|Any CPU = Debug|Any CPU
		Release|Any CPU = Release|Any CPU
	EndGlobalSection
	GlobalSection(ProjectConfigurationPlatforms) = postSolution
		{602FDBF8-C298-43E4-886D-C61DFCAEF51D}.Debug|Any CPU.ActiveCfg = Debug|Any CPU
		{602FDBF8-C298-43E4-886D-C61DFCAEF51D}.Debug|Any CPU.Build.0 = Debug|Any CPU
		{602FDBF8-C298-43E4-886D-C61DFCAEF51D}.Release|Any CPU.ActiveCfg = Release|Any CPU
		{602FDBF8-C298-43E4-886D-C61DFCAEF51D}.Release|Any CPU.Build.0 = Release|Any CPU
		{3C48FB41-72D8-4A9D-9403-9C2D3E0BFEEB}.Debug|Any CPU.ActiveCfg = Debug|Any CPU
		{3C48FB41-72D8-4A9D-9403-9C2D3E0BFEEB}.Debug|Any CPU.Build.0 = Debug|Any CPU
		{3C48FB41-72D8-4A9D-9403-9C2D3E0BFEEB}.Release|Any CPU.ActiveCfg = Release|Any CPU
		{3C48FB41-72D8-4A9D-9403-9C2D3E0BFEEB}.Release|Any CPU.Build.0 = Release|Any CPU
	EndGlobalSection
	GlobalSection(SolutionProperties) = preSolution
		HideSolutionNode = FALSE
	EndGlobalSection
	GlobalSection(NestedProjects) = preSolution
		{602FDBF8-C298-43E4-886D-C61DFCAEF51D} = {165F7520-7723-49C7-9816-BE4B9C645FF6}
		{3C48FB41-72D8-4A9D-9403-9C2D3E0BFEEB} = {165F7520-7723-49C7-9816-BE4B9C645FF6}
	EndGlobalSection
	GlobalSection(ExtensibilityGlobals) = postSolution
		SolutionGuid = {A4A4905C-6658-4B1C-85C4-02F89E5BAE86}
	EndGlobalSection
EndGlobal
