
Microsoft Visual Studio Solution File, Format Version 12.00
# Visual Studio Version 17
VisualStudioVersion = 17.9.34723.18
MinimumVisualStudioVersion = 10.0.40219.1
Project("{2150E333-8FDC-42A3-9474-1A3956D46DE8}") = "Ejercicio_03", "Ejercicio_03", "{0592ECEC-22BA-4D45-9177-92DBE03375D4}"
EndProject
Project("{FAE04EC0-301F-11D3-BF4B-00C04F79EFBC}") = "EstadisticaDeportiva", "EstadisticaDeportiva\EstadisticaDeportiva.csproj", "{4ACAB637-8D61-42F7-BF2B-331D2B776DC9}"
EndProject
Project("{FAE04EC0-301F-11D3-BF4B-00C04F79EFBC}") = "Entidades_03", "Entidades_03\Entidades_03.csproj", "{D1C93608-EC2F-467F-A24D-D8D3EE3978C7}"
EndProject
Global
	GlobalSection(SolutionConfigurationPlatforms) = preSolution
		Debug|Any CPU = Debug|Any CPU
		Release|Any CPU = Release|Any CPU
	EndGlobalSection
	GlobalSection(ProjectConfigurationPlatforms) = postSolution
		{4ACAB637-8D61-42F7-BF2B-331D2B776DC9}.Debug|Any CPU.ActiveCfg = Debug|Any CPU
		{4ACAB637-8D61-42F7-BF2B-331D2B776DC9}.Debug|Any CPU.Build.0 = Debug|Any CPU
		{4ACAB637-8D61-42F7-BF2B-331D2B776DC9}.Release|Any CPU.ActiveCfg = Release|Any CPU
		{4ACAB637-8D61-42F7-BF2B-331D2B776DC9}.Release|Any CPU.Build.0 = Release|Any CPU
		{D1C93608-EC2F-467F-A24D-D8D3EE3978C7}.Debug|Any CPU.ActiveCfg = Debug|Any CPU
		{D1C93608-EC2F-467F-A24D-D8D3EE3978C7}.Debug|Any CPU.Build.0 = Debug|Any CPU
		{D1C93608-EC2F-467F-A24D-D8D3EE3978C7}.Release|Any CPU.ActiveCfg = Release|Any CPU
		{D1C93608-EC2F-467F-A24D-D8D3EE3978C7}.Release|Any CPU.Build.0 = Release|Any CPU
	EndGlobalSection
	GlobalSection(SolutionProperties) = preSolution
		HideSolutionNode = FALSE
	EndGlobalSection
	GlobalSection(NestedProjects) = preSolution
		{4ACAB637-8D61-42F7-BF2B-331D2B776DC9} = {0592ECEC-22BA-4D45-9177-92DBE03375D4}
		{D1C93608-EC2F-467F-A24D-D8D3EE3978C7} = {0592ECEC-22BA-4D45-9177-92DBE03375D4}
	EndGlobalSection
	GlobalSection(ExtensibilityGlobals) = postSolution
		SolutionGuid = {EBD8216A-85B3-47AC-807F-FC0D964F49BA}
	EndGlobalSection
EndGlobal
